<?xml version="1.0" encoding="utf-8"?>
<Project ToolsVersion="4.0" xmlns="http://schemas.microsoft.com/developer/msbuild/2003">
  <ItemGroup>
    <Filter Include="Source Files">
      <UniqueIdentifier>{4FC737F1-C7A5-4376-A066-2A32D752A2FF}</UniqueIdentifier>
      <Extensions>cpp;c;cc;cxx;c++;cppm;ixx;def;odl;idl;hpj;bat;asm;asmx</Extensions>
    </Filter>
    <Filter Include="Header Files">
      <UniqueIdentifier>{93995380-89BD-4b04-88EB-625FBE52EBFB}</UniqueIdentifier>
      <Extensions>h;hh;hpp;hxx;h++;hm;inl;inc;ipp;xsd</Extensions>
    </Filter>
    <Filter Include="Resource Files">
      <UniqueIdentifier>{67DA6AB6-F800-4c08-8B7A-83BB121AAD01}</UniqueIdentifier>
      <Extensions>rc;ico;cur;bmp;dlg;rc2;rct;bin;rgs;gif;jpg;jpeg;jpe;resx;tiff;tif;png;wav;mfcribbon-ms</Extensions>
    </Filter>
  </ItemGroup>
  <ItemGroup>
    <ClInclude Include="src\p1.hpp">
      <Filter>Header Files</Filter>
    </ClInclude>
    <ClInclude Include="lib\lib.hpp">
      <Filter>Header Files</Filter>
    </ClInclude>
    <ClInclude Include="lib\util.hpp">
      <Filter>Header Files</Filter>
    </ClInclude>
    <ClInclude Include="src\p9.hpp">
      <Filter>Header Files</Filter>
    </ClInclude>
    <ClInclude Include="src\p14.hpp">
      <Filter>Header Files</Filter>
    </ClInclude>
    <ClInclude Include="src\problems_collection.hpp">
      <Filter>Header Files</Filter>
    </ClInclude>
    <ClInclude Include="src\p20.hpp">
      <Filter>Header Files</Filter>
    </ClInclude>
    <ClInclude Include="src\p21.hpp">
      <Filter>Header Files</Filter>
    </ClInclude>
    <ClInclude Include="src\p26.hpp">
      <Filter>Header Files</Filter>
    </ClInclude>
    <ClInclude Include="src\p27.hpp">
      <Filter>Header Files</Filter>
    </ClInclude>
    <ClInclude Include="src\p28.hpp">
      <Filter>Header Files</Filter>
    </ClInclude>
    <ClInclude Include="src\p35.hpp">
      <Filter>Header Files</Filter>
    </ClInclude>
    <ClInclude Include="src\p58.hpp">
      <Filter>Header Files</Filter>
    </ClInclude>
    <ClInclude Include="src\p66.hpp">
      <Filter>Header Files</Filter>
    </ClInclude>
    <ClInclude Include="src\p67.hpp">
      <Filter>Header Files</Filter>
    </ClInclude>
    <ClInclude Include="src\p69.hpp">
      <Filter>Header Files</Filter>
    </ClInclude>
    <ClInclude Include="src\p70.hpp">
      <Filter>Header Files</Filter>
    </ClInclude>
    <ClInclude Include="src\p83.hpp">
      <Filter>Header Files</Filter>
    </ClInclude>
    <ClInclude Include="src\p88.hpp">
      <Filter>Header Files</Filter>
    </ClInclude>
    <ClInclude Include="src\p94.hpp">
      <Filter>Header Files</Filter>
    </ClInclude>
  </ItemGroup>
  <ItemGroup>
    <Text Include="tests\p1.txt" />
    <Text Include="tests\p9.txt" />
    <Text Include="tests\p14.txt" />
    <Text Include="tests\p20.txt" />
    <Text Include="tests\p21.txt" />
    <Text Include="tests\p26.txt" />
    <Text Include="tests\p27.txt" />
    <Text Include="tests\p28.txt" />
    <Text Include="tests\p35.txt" />
    <Text Include="tests\p58.txt" />
    <Text Include="tests\p66.txt" />
    <Text Include="tests\p67.txt" />
    <Text Include="tests\p69.txt" />
    <Text Include="tests\p70.txt" />
    <Text Include="tests\p83.txt" />
    <Text Include="tests\p88.txt" />
    <Text Include="tests\p94.txt" />
  </ItemGroup>
  <ItemGroup>
    <ClCompile Include="main.cpp">
      <Filter>Source Files</Filter>
    </ClCompile>
    <ClCompile Include="lib\util.cpp">
      <Filter>Source Files</Filter>
    </ClCompile>
    <ClCompile Include="src\problems_collection.cpp">
      <Filter>Source Files</Filter>
    </ClCompile>
    <ClCompile Include="lib\lib.cpp">
      <Filter>Source Files</Filter>
    </ClCompile>
  </ItemGroup>
  <ItemGroup>
    <None Include=".gitattributes" />
    <None Include=".gitignore" />
  </ItemGroup>
</Project>